// !$*UTF8*$!
{
	archiveVersion = 1;
	classes = {
	};
	objectVersion = 50;
	objects = {

/* Begin PBXBuildFile section */
		9DC88DB525F89A7A001A666B /* AppDelegate.swift in Sources */ = {isa = PBXBuildFile; fileRef = 9DC88DB425F89A7A001A666B /* AppDelegate.swift */; };
		9DC88DB725F89A7A001A666B /* SceneDelegate.swift in Sources */ = {isa = PBXBuildFile; fileRef = 9DC88DB625F89A7A001A666B /* SceneDelegate.swift */; };
		9DC88DB925F89A7A001A666B /* ViewController.swift in Sources */ = {isa = PBXBuildFile; fileRef = 9DC88DB825F89A7A001A666B /* ViewController.swift */; };
		9DC88DBC25F89A7A001A666B /* Main.storyboard in Resources */ = {isa = PBXBuildFile; fileRef = 9DC88DBA25F89A7A001A666B /* Main.storyboard */; };
		9DC88DBE25F89A7C001A666B /* Assets.xcassets in Resources */ = {isa = PBXBuildFile; fileRef = 9DC88DBD25F89A7C001A666B /* Assets.xcassets */; };
		9DC88DC125F89A7C001A666B /* LaunchScreen.storyboard in Resources */ = {isa = PBXBuildFile; fileRef = 9DC88DBF25F89A7C001A666B /* LaunchScreen.storyboard */; };
/* End PBXBuildFile section */

/* Begin PBXFileReference section */
		9DC88DB125F89A7A001A666B /* ObjectIdentification.app */ = {isa = PBXFileReference; explicitFileType = wrapper.application; includeInIndex = 0; path = ObjectIdentification.app; sourceTree = BUILT_PRODUCTS_DIR; };
		9DC88DB425F89A7A001A666B /* AppDelegate.swift */ = {isa = PBXFileReference; lastKnownFileType = sourcecode.swift; path = AppDelegate.swift; sourceTree = "<group>"; };
		9DC88DB625F89A7A001A666B /* SceneDelegate.swift */ = {isa = PBXFileReference; lastKnownFileType = sourcecode.swift; path = SceneDelegate.swift; sourceTree = "<group>"; };
		9DC88DB825F89A7A001A666B /* ViewController.swift */ = {isa = PBXFileReference; lastKnownFileType = sourcecode.swift; path = ViewController.swift; sourceTree = "<group>"; };
		9DC88DBB25F89A7A001A666B /* Base */ = {isa = PBXFileReference; lastKnownFileType = file.storyboard; name = Base; path = Base.lproj/Main.storyboard; sourceTree = "<group>"; };
		9DC88DBD25F89A7C001A666B /* Assets.xcassets */ = {isa = PBXFileReference; lastKnownFileType = folder.assetcatalog; path = Assets.xcassets; sourceTree = "<group>"; };
		9DC88DC025F89A7C001A666B /* Base */ = {isa = PBXFileReference; lastKnownFileType = file.storyboard; name = Base; path = Base.lproj/LaunchScreen.storyboard; sourceTree = "<group>"; };
		9DC88DC225F89A7C001A666B /* Info.plist */ = {isa = PBXFileReference; lastKnownFileType = text.plist.xml; path = Info.plist; sourceTree = "<group>"; };
		9DC88DC925F89ADD001A666B /* README.md */ = {isa = PBXFileReference; lastKnownFileType = net.daringfireball.markdown; path = README.md; sourceTree = "<group>"; };
/* End PBXFileReference section */

/* Begin PBXFrameworksBuildPhase section */
		9DC88DAE25F89A7A001A666B /* Frameworks */ = {
			isa = PBXFrameworksBuildPhase;
			buildActionMask = 2147483647;
			files = (
			);
			runOnlyForDeploymentPostprocessing = 0;
		};
/* End PBXFrameworksBuildPhase section */

/* Begin PBXGroup section */
		9DC88DA825F89A7A001A666B = {
			isa = PBXGroup;
			children = (
				9DC88DC925F89ADD001A666B /* README.md */,
				9DC88DB325F89A7A001A666B /* ObjectIdentification */,
				9DC88DB225F89A7A001A666B /* Products */,
			);
			sourceTree = "<group>";
		};
		9DC88DB225F89A7A001A666B /* Products */ = {
			isa = PBXGroup;
			children = (
				9DC88DB125F89A7A001A666B /* ObjectIdentification.app */,
			);
			name = Products;
			sourceTree = "<group>";
		};
		9DC88DB325F89A7A001A666B /* ObjectIdentification */ = {
			isa = PBXGroup;
			children = (
				9DC88DCC25F89B25001A666B /* Storyboard */,
				9DC88DCB25F89B0C001A666B /* View */,
				9DC88DCA25F89AF9001A666B /* Controller */,
				9DC88DB425F89A7A001A666B /* AppDelegate.swift */,
				9DC88DB625F89A7A001A666B /* SceneDelegate.swift */,
				9DC88DBD25F89A7C001A666B /* Assets.xcassets */,
				9DC88DC225F89A7C001A666B /* Info.plist */,
			);
			path = ObjectIdentification;
			sourceTree = "<group>";
		};
		9DC88DCA25F89AF9001A666B /* Controller */ = {
			isa = PBXGroup;
			children = (
				9DC88DB825F89A7A001A666B /* ViewController.swift */,
			);
			path = Controller;
			sourceTree = "<group>";
		};
		9DC88DCB25F89B0C001A666B /* View */ = {
			isa = PBXGroup;
			children = (
			);
			path = View;
			sourceTree = "<group>";
		};
		9DC88DCC25F89B25001A666B /* Storyboard */ = {
			isa = PBXGroup;
			children = (
				9DC88DBF25F89A7C001A666B /* LaunchScreen.storyboard */,
				9DC88DBA25F89A7A001A666B /* Main.storyboard */,
			);
			path = Storyboard;
			sourceTree = "<group>";
		};
/* End PBXGroup section */

/* Begin PBXNativeTarget section */
		9DC88DB025F89A7A001A666B /* ObjectIdentification */ = {
			isa = PBXNativeTarget;
			buildConfigurationList = 9DC88DC525F89A7C001A666B /* Build configuration list for PBXNativeTarget "ObjectIdentification" */;
			buildPhases = (
				9DC88DAD25F89A7A001A666B /* Sources */,
				9DC88DAE25F89A7A001A666B /* Frameworks */,
				9DC88DAF25F89A7A001A666B /* Resources */,
			);
			buildRules = (
			);
			dependencies = (
			);
			name = ObjectIdentification;
			productName = ObjectIdentification;
			productReference = 9DC88DB125F89A7A001A666B /* ObjectIdentification.app */;
			productType = "com.apple.product-type.application";
		};
/* End PBXNativeTarget section */

/* Begin PBXProject section */
		9DC88DA925F89A7A001A666B /* Project object */ = {
			isa = PBXProject;
			attributes = {
				LastSwiftUpdateCheck = 1220;
				LastUpgradeCheck = 1220;
				TargetAttributes = {
					9DC88DB025F89A7A001A666B = {
						CreatedOnToolsVersion = 12.2;
					};
				};
			};
			buildConfigurationList = 9DC88DAC25F89A7A001A666B /* Build configuration list for PBXProject "ObjectIdentification" */;
			compatibilityVersion = "Xcode 9.3";
			developmentRegion = en;
			hasScannedForEncodings = 0;
			knownRegions = (
				en,
				Base,
			);
			mainGroup = 9DC88DA825F89A7A001A666B;
			productRefGroup = 9DC88DB225F89A7A001A666B /* Products */;
			projectDirPath = "";
			projectRoot = "";
			targets = (
				9DC88DB025F89A7A001A666B /* ObjectIdentification */,
			);
		};
/* End PBXProject section */

/* Begin PBXResourcesBuildPhase section */
		9DC88DAF25F89A7A001A666B /* Resources */ = {
			isa = PBXResourcesBuildPhase;
			buildActionMask = 2147483647;
			files = (
				9DC88DC125F89A7C001A666B /* LaunchScreen.storyboard in Resources */,
				9DC88DBE25F89A7C001A666B /* Assets.xcassets in Resources */,
				9DC88DBC25F89A7A001A666B /* Main.storyboard in Resources */,
			);
			runOnlyForDeploymentPostprocessing = 0;
		};
/* End PBXResourcesBuildPhase section */

/* Begin PBXSourcesBuildPhase section */
		9DC88DAD25F89A7A001A666B /* Sources */ = {
			isa = PBXSourcesBuildPhase;
			buildActionMask = 2147483647;
			files = (
				9DC88DB925F89A7A001A666B /* ViewController.swift in Sources */,
				9DC88DB525F89A7A001A666B /* AppDelegate.swift in Sources */,
				9DC88DB725F89A7A001A666B /* SceneDelegate.swift in Sources */,
			);
			runOnlyForDeploymentPostprocessing = 0;
		};
/* End PBXSourcesBuildPhase section */

/* Begin PBXVariantGroup section */
		9DC88DBA25F89A7A001A666B /* Main.storyboard */ = {
			isa = PBXVariantGroup;
			children = (
				9DC88DBB25F89A7A001A666B /* Base */,
			);
			name = Main.storyboard;
			sourceTree = "<group>";
		};
		9DC88DBF25F89A7C001A666B /* LaunchScreen.storyboard */ = {
			isa = PBXVariantGroup;
			children = (
				9DC88DC025F89A7C001A666B /* Base */,
			);
			name = LaunchScreen.storyboard;
			sourceTree = "<group>";
		};
/* End PBXVariantGroup section */

/* Begin XCBuildConfiguration section */
		9DC88DC325F89A7C001A666B /* Debug */ = {
			isa = XCBuildConfiguration;
			buildSettings = {
				ALWAYS_SEARCH_USER_PATHS = NO;
				CLANG_ANALYZER_NONNULL = YES;
				CLANG_ANALYZER_NUMBER_OBJECT_CONVERSION = YES_AGGRESSIVE;
				CLANG_CXX_LANGUAGE_STANDARD = "gnu++14";
				CLANG_CXX_LIBRARY = "libc++";
				CLANG_ENABLE_MODULES = YES;
				CLANG_ENABLE_OBJC_ARC = YES;
				CLANG_ENABLE_OBJC_WEAK = YES;
				CLANG_WARN_BLOCK_CAPTURE_AUTORELEASING = YES;
				CLANG_WARN_BOOL_CONVERSION = YES;
				CLANG_WARN_COMMA = YES;
				CLANG_WARN_CONSTANT_CONVERSION = YES;
				CLANG_WARN_DEPRECATED_OBJC_IMPLEMENTATIONS = YES;
				CLANG_WARN_DIRECT_OBJC_ISA_USAGE = YES_ERROR;
				CLANG_WARN_DOCUMENTATION_COMMENTS = YES;
				CLANG_WARN_EMPTY_BODY = YES;
				CLANG_WARN_ENUM_CONVERSION = YES;
				CLANG_WARN_INFINITE_RECURSION = YES;
				CLANG_WARN_INT_CONVERSION = YES;
				CLANG_WARN_NON_LITERAL_NULL_CONVERSION = YES;
				CLANG_WARN_OBJC_IMPLICIT_RETAIN_SELF = YES;
				CLANG_WARN_OBJC_LITERAL_CONVERSION = YES;
				CLANG_WARN_OBJC_ROOT_CLASS = YES_ERROR;
				CLANG_WARN_QUOTED_INCLUDE_IN_FRAMEWORK_HEADER = YES;
				CLANG_WARN_RANGE_LOOP_ANALYSIS = YES;
				CLANG_WARN_STRICT_PROTOTYPES = YES;
				CLANG_WARN_SUSPICIOUS_MOVE = YES;
				CLANG_WARN_UNGUARDED_AVAILABILITY = YES_AGGRESSIVE;
				CLANG_WARN_UNREACHABLE_CODE = YES;
				CLANG_WARN__DUPLICATE_METHOD_MATCH = YES;
				COPY_PHASE_STRIP = NO;
				DEBUG_INFORMATION_FORMAT = dwarf;
				ENABLE_STRICT_OBJC_MSGSEND = YES;
				ENABLE_TESTABILITY = YES;
				GCC_C_LANGUAGE_STANDARD = gnu11;
				GCC_DYNAMIC_NO_PIC = NO;
				GCC_NO_COMMON_BLOCKS = YES;
				GCC_OPTIMIZATION_LEVEL = 0;
				GCC_PREPROCESSOR_DEFINITIONS = (
					"DEBUG=1",
					"$(inherited)",
				);
				GCC_WARN_64_TO_32_BIT_CONVERSION = YES;
				GCC_WARN_ABOUT_RETURN_TYPE = YES_ERROR;
				GCC_WARN_UNDECLARED_SELECTOR = YES;
				GCC_WARN_UNINITIALIZED_AUTOS = YES_AGGRESSIVE;
				GCC_WARN_UNUSED_FUNCTION = YES;
				GCC_WARN_UNUSED_VARIABLE = YES;
				IPHONEOS_DEPLOYMENT_TARGET = 14.2;
				MTL_ENABLE_DEBUG_INFO = INCLUDE_SOURCE;
				MTL_FAST_MATH = YES;
				ONLY_ACTIVE_ARCH = YES;
				SDKROOT = iphoneos;
				SWIFT_ACTIVE_COMPILATION_CONDITIONS = DEBUG;
				SWIFT_OPTIMIZATION_LEVEL = "-Onone";
			};
			name = Debug;
		};
		9DC88DC425F89A7C001A666B /* Release */ = {
			isa = XCBuildConfiguration;
			buildSettings = {
				ALWAYS_SEARCH_USER_PATHS = NO;
				CLANG_ANALYZER_NONNULL = YES;
				CLANG_ANALYZER_NUMBER_OBJECT_CONVERSION = YES_AGGRESSIVE;
				CLANG_CXX_LANGUAGE_STANDARD = "gnu++14";
				CLANG_CXX_LIBRARY = "libc++";
				CLANG_ENABLE_MODULES = YES;
				CLANG_ENABLE_OBJC_ARC = YES;
				CLANG_ENABLE_OBJC_WEAK = YES;
				CLANG_WARN_BLOCK_CAPTURE_AUTORELEASING = YES;
				CLANG_WARN_BOOL_CONVERSION = YES;
				CLANG_WARN_COMMA = YES;
				CLANG_WARN_CONSTANT_CONVERSION = YES;
				CLANG_WARN_DEPRECATED_OBJC_IMPLEMENTATIONS = YES;
				CLANG_WARN_DIRECT_OBJC_ISA_USAGE = YES_ERROR;
				CLANG_WARN_DOCUMENTATION_COMMENTS = YES;
				CLANG_WARN_EMPTY_BODY = YES;
				CLANG_WARN_ENUM_CONVERSION = YES;
				CLANG_WARN_INFINITE_RECURSION = YES;
				CLANG_WARN_INT_CONVERSION = YES;
				CLANG_WARN_NON_LITERAL_NULL_CONVERSION = YES;
				CLANG_WARN_OBJC_IMPLICIT_RETAIN_SELF = YES;
				CLANG_WARN_OBJC_LITERAL_CONVERSION = YES;
				CLANG_WARN_OBJC_ROOT_CLASS = YES_ERROR;
				CLANG_WARN_QUOTED_INCLUDE_IN_FRAMEWORK_HEADER = YES;
				CLANG_WARN_RANGE_LOOP_ANALYSIS = YES;
				CLANG_WARN_STRICT_PROTOTYPES = YES;
				CLANG_WARN_SUSPICIOUS_MOVE = YES;
				CLANG_WARN_UNGUARDED_AVAILABILITY = YES_AGGRESSIVE;
				CLANG_WARN_UNREACHABLE_CODE = YES;
				CLANG_WARN__DUPLICATE_METHOD_MATCH = YES;
				COPY_PHASE_STRIP = NO;
				DEBUG_INFORMATION_FORMAT = "dwarf-with-dsym";
				ENABLE_NS_ASSERTIONS = NO;
				ENABLE_STRICT_OBJC_MSGSEND = YES;
				GCC_C_LANGUAGE_STANDARD = gnu11;
				GCC_NO_COMMON_BLOCKS = YES;
				GCC_WARN_64_TO_32_BIT_CONVERSION = YES;
				GCC_WARN_ABOUT_RETURN_TYPE = YES_ERROR;
				GCC_WARN_UNDECLARED_SELECTOR = YES;
				GCC_WARN_UNINITIALIZED_AUTOS = YES_AGGRESSIVE;
				GCC_WARN_UNUSED_FUNCTION = YES;
				GCC_WARN_UNUSED_VARIABLE = YES;
				IPHONEOS_DEPLOYMENT_TARGET = 14.2;
				MTL_ENABLE_DEBUG_INFO = NO;
				MTL_FAST_MATH = YES;
				SDKROOT = iphoneos;
				SWIFT_COMPILATION_MODE = wholemodule;
				SWIFT_OPTIMIZATION_LEVEL = "-O";
				VALIDATE_PRODUCT = YES;
			};
			name = Release;
		};
		9DC88DC625F89A7C001A666B /* Debug */ = {
			isa = XCBuildConfiguration;
			buildSettings = {
				ASSETCATALOG_COMPILER_APPICON_NAME = AppIcon;
				ASSETCATALOG_COMPILER_GLOBAL_ACCENT_COLOR_NAME = AccentColor;
				CODE_SIGN_STYLE = Automatic;
				DEVELOPMENT_TEAM = D83993USZY;
				INFOPLIST_FILE = ObjectIdentification/Info.plist;
				LD_RUNPATH_SEARCH_PATHS = (
					"$(inherited)",
					"@executable_path/Frameworks",
				);
				PRODUCT_BUNDLE_IDENTIFIER = com.gdlkk.ObjectIdentification;
				PRODUCT_NAME = "$(TARGET_NAME)";
				SWIFT_VERSION = 5.0;
				TARGETED_DEVICE_FAMILY = "1,2";
			};
			name = Debug;
		};
		9DC88DC725F89A7C001A666B /* Release */ = {
			isa = XCBuildConfiguration;
			buildSettings = {
				ASSETCATALOG_COMPILER_APPICON_NAME = AppIcon;
				ASSETCATALOG_COMPILER_GLOBAL_ACCENT_COLOR_NAME = AccentColor;
				CODE_SIGN_STYLE = Automatic;
				DEVELOPMENT_TEAM = D83993USZY;
				INFOPLIST_FILE = ObjectIdentification/Info.plist;
				LD_RUNPATH_SEARCH_PATHS = (
					"$(inherited)",
					"@executable_path/Frameworks",
				);
				PRODUCT_BUNDLE_IDENTIFIER = com.gdlkk.ObjectIdentification;
				PRODUCT_NAME = "$(TARGET_NAME)";
				SWIFT_VERSION = 5.0;
				TARGETED_DEVICE_FAMILY = "1,2";
			};
			name = Release;
		};
/* End XCBuildConfiguration section */

/* Begin XCConfigurationList section */
		9DC88DAC25F89A7A001A666B /* Build configuration list for PBXProject "ObjectIdentification" */ = {
			isa = XCConfigurationList;
			buildConfigurations = (
				9DC88DC325F89A7C001A666B /* Debug */,
				9DC88DC425F89A7C001A666B /* Release */,
			);
			defaultConfigurationIsVisible = 0;
			defaultConfigurationName = Release;
		};
		9DC88DC525F89A7C001A666B /* Build configuration list for PBXNativeTarget "ObjectIdentification" */ = {
			isa = XCConfigurationList;
			buildConfigurations = (
				9DC88DC625F89A7C001A666B /* Debug */,
				9DC88DC725F89A7C001A666B /* Release */,
			);
			defaultConfigurationIsVisible = 0;
			defaultConfigurationName = Release;
		};
/* End XCConfigurationList section */
	};
	rootObject = 9DC88DA925F89A7A001A666B /* Project object */;
}
